
Microsoft Visual Studio Solution File, Format Version 12.00
# Visual Studio Version 17
VisualStudioVersion = 17.2.32516.85
MinimumVisualStudioVersion = 10.0.40219.1
Project("{FAE04EC0-301F-11D3-BF4B-00C04F79EFBC}") = "76_FileToDbConverter", "76_FileToDbConverter\76_FileToDbConverter.csproj", "{D0436E94-4001-47E1-9581-84D66C9E1265}"
EndProject
Global
	GlobalSection(SolutionConfigurationPlatforms) = preSolution
		Debug|Any CPU = Debug|Any CPU
		Release|Any CPU = Release|Any CPU
	EndGlobalSection
	GlobalSection(ProjectConfigurationPlatforms) = postSolution
		{D0436E94-4001-47E1-9581-84D66C9E1265}.Debug|Any CPU.ActiveCfg = Debug|Any CPU
		{D0436E94-4001-47E1-9581-84D66C9E1265}.Debug|Any CPU.Build.0 = Debug|Any CPU
		{D0436E94-4001-47E1-9581-84D66C9E1265}.Release|Any CPU.ActiveCfg = Release|Any CPU
		{D0436E94-4001-47E1-9581-84D66C9E1265}.Release|Any CPU.Build.0 = Release|Any CPU
	EndGlobalSection
	GlobalSection(SolutionProperties) = preSolution
		HideSolutionNode = FALSE
	EndGlobalSection
	GlobalSection(ExtensibilityGlobals) = postSolution
		SolutionGuid = {68AD73B8-043A-4BC5-BAE8-F440A6C707AE}
	EndGlobalSection
EndGlobal
